// !$*UTF8*$!
{
	archiveVersion = 1;
	classes = {
	};
	objectVersion = 55;
	objects = {

/* Begin PBXBuildFile section */
		56C560E6953A4514DB799D72 /* Pods_Brumethon.framework in Frameworks */ = {isa = PBXBuildFile; fileRef = FAE5245E9F1FD45695EF4A80 /* Pods_Brumethon.framework */; };
		5748350E27D93A08001CE3A8 /* AppDelegate.swift in Sources */ = {isa = PBXBuildFile; fileRef = 5748350D27D93A08001CE3A8 /* AppDelegate.swift */; };
		5748351727D93A0A001CE3A8 /* Assets.xcassets in Resources */ = {isa = PBXBuildFile; fileRef = 5748351627D93A0A001CE3A8 /* Assets.xcassets */; };
		5748351A27D93A0A001CE3A8 /* LaunchScreen.storyboard in Resources */ = {isa = PBXBuildFile; fileRef = 5748351827D93A0A001CE3A8 /* LaunchScreen.storyboard */; };
		5748352527D93A0A001CE3A8 /* BrumethonTests.swift in Sources */ = {isa = PBXBuildFile; fileRef = 5748352427D93A0A001CE3A8 /* BrumethonTests.swift */; };
		5748352F27D93A0A001CE3A8 /* BrumethonUITests.swift in Sources */ = {isa = PBXBuildFile; fileRef = 5748352E27D93A0A001CE3A8 /* BrumethonUITests.swift */; };
		5748353127D93A0A001CE3A8 /* BrumethonUITestsLaunchTests.swift in Sources */ = {isa = PBXBuildFile; fileRef = 5748353027D93A0A001CE3A8 /* BrumethonUITestsLaunchTests.swift */; };
		5748354927D9414E001CE3A8 /* Localizable.strings in Resources */ = {isa = PBXBuildFile; fileRef = 5748354B27D9414E001CE3A8 /* Localizable.strings */; };
		5748355827D9615B001CE3A8 /* SignInViewController.swift in Sources */ = {isa = PBXBuildFile; fileRef = 5748355627D9615B001CE3A8 /* SignInViewController.swift */; };
		5748355927D9615B001CE3A8 /* SignInViewController.xib in Resources */ = {isa = PBXBuildFile; fileRef = 5748355727D9615B001CE3A8 /* SignInViewController.xib */; };
		5748355B27D96981001CE3A8 /* languageUtil.swift in Sources */ = {isa = PBXBuildFile; fileRef = 5748355A27D96981001CE3A8 /* languageUtil.swift */; };
		5748355D27D96F6B001CE3A8 /* styleUtil.swift in Sources */ = {isa = PBXBuildFile; fileRef = 5748355C27D96F6B001CE3A8 /* styleUtil.swift */; };
		5748356127D9808F001CE3A8 /* ProfileViewController.swift in Sources */ = {isa = PBXBuildFile; fileRef = 5748355F27D9808F001CE3A8 /* ProfileViewController.swift */; };
		5748356227D9808F001CE3A8 /* ProfileViewController.xib in Resources */ = {isa = PBXBuildFile; fileRef = 5748356027D9808F001CE3A8 /* ProfileViewController.xib */; };
		5748356527D98571001CE3A8 /* MainViewController.swift in Sources */ = {isa = PBXBuildFile; fileRef = 5748356327D98571001CE3A8 /* MainViewController.swift */; };
		5748356627D98571001CE3A8 /* MainViewController.xib in Resources */ = {isa = PBXBuildFile; fileRef = 5748356427D98571001CE3A8 /* MainViewController.xib */; };
		5748356A27D9EB5F001CE3A8 /* ModalViewController.swift in Sources */ = {isa = PBXBuildFile; fileRef = 5748356827D9EB5F001CE3A8 /* ModalViewController.swift */; };
		5748356B27D9EB5F001CE3A8 /* ModalViewController.xib in Resources */ = {isa = PBXBuildFile; fileRef = 5748356927D9EB5F001CE3A8 /* ModalViewController.xib */; };
		5772BF6627DA4EDF00084D94 /* SignUpInformationViewController.swift in Sources */ = {isa = PBXBuildFile; fileRef = 5772BF6427DA4EDF00084D94 /* SignUpInformationViewController.swift */; };
		5772BF6727DA4EDF00084D94 /* SignUpInformationViewController.xib in Resources */ = {isa = PBXBuildFile; fileRef = 5772BF6527DA4EDF00084D94 /* SignUpInformationViewController.xib */; };
		5772BF6C27DA587A00084D94 /* SignUpAddressViewController.swift in Sources */ = {isa = PBXBuildFile; fileRef = 5772BF6A27DA587A00084D94 /* SignUpAddressViewController.swift */; };
		5772BF6D27DA587A00084D94 /* SignUpAddressViewController.xib in Resources */ = {isa = PBXBuildFile; fileRef = 5772BF6B27DA587A00084D94 /* SignUpAddressViewController.xib */; };
		6DB8E99B285E8F506D024472 /* Pods_Brumethon_BrumethonUITests.framework in Frameworks */ = {isa = PBXBuildFile; fileRef = 7453CDEB28E09B56B73706A6 /* Pods_Brumethon_BrumethonUITests.framework */; };
		94217FEF366F422B5DC898FA /* Pods_BrumethonTests.framework in Frameworks */ = {isa = PBXBuildFile; fileRef = AC96018C1A208EBABA5F97E7 /* Pods_BrumethonTests.framework */; };
		BE8483C527DA7D020002C0BB /* SignUpLoginInfosViewController.swift in Sources */ = {isa = PBXBuildFile; fileRef = BE8483C327DA7D020002C0BB /* SignUpLoginInfosViewController.swift */; };
		BE8483C627DA7D020002C0BB /* SignUpLoginInfosViewController.xib in Resources */ = {isa = PBXBuildFile; fileRef = BE8483C427DA7D020002C0BB /* SignUpLoginInfosViewController.xib */; };
		BE8483C927DA8C590002C0BB /* SignUpChooseCategoriesViewController.swift in Sources */ = {isa = PBXBuildFile; fileRef = BE8483C727DA8C590002C0BB /* SignUpChooseCategoriesViewController.swift */; };
		BE8483CA27DA8C590002C0BB /* SignUpChooseCategoriesViewController.xib in Resources */ = {isa = PBXBuildFile; fileRef = BE8483C827DA8C590002C0BB /* SignUpChooseCategoriesViewController.xib */; };
		BE9A8EB727D9F0D70007E32A /* Documentation.docc in Sources */ = {isa = PBXBuildFile; fileRef = BE9A8EB627D9F0D70007E32A /* Documentation.docc */; };
		BE9A8EBA27D9F3D90007E32A /* Service.swift in Sources */ = {isa = PBXBuildFile; fileRef = BE9A8EB927D9F3D90007E32A /* Service.swift */; };
		BE9A8EBC27D9F4080007E32A /* UserInfos.swift in Sources */ = {isa = PBXBuildFile; fileRef = BE9A8EBB27D9F4080007E32A /* UserInfos.swift */; };
		BE9A8EC427D9FCCA0007E32A /* ServiceError.swift in Sources */ = {isa = PBXBuildFile; fileRef = BE9A8EC327D9FCCA0007E32A /* ServiceError.swift */; };
		BE9A8EC727D9FCFB0007E32A /* Query.swift in Sources */ = {isa = PBXBuildFile; fileRef = BE9A8EC627D9FCFB0007E32A /* Query.swift */; };
		BE9A8EC927D9FE3A0007E32A /* NetworkLogger.swift in Sources */ = {isa = PBXBuildFile; fileRef = BE9A8EC827D9FE3A0007E32A /* NetworkLogger.swift */; };
		BE9A8ECB27D9FF370007E32A /* Address.swift in Sources */ = {isa = PBXBuildFile; fileRef = BE9A8ECA27D9FF370007E32A /* Address.swift */; };
		BE9A8ECD27DA00130007E32A /* Problem.swift in Sources */ = {isa = PBXBuildFile; fileRef = BE9A8ECC27DA00130007E32A /* Problem.swift */; };
		BE9A8ECF27DA00BC0007E32A /* Scooter.swift in Sources */ = {isa = PBXBuildFile; fileRef = BE9A8ECE27DA00BC0007E32A /* Scooter.swift */; };
		BE9A8ED327DA01A70007E32A /* User.swift in Sources */ = {isa = PBXBuildFile; fileRef = BE9A8ED227DA01A70007E32A /* User.swift */; };
		BE9A8ED627DA031B0007E32A /* SignInQuery.swift in Sources */ = {isa = PBXBuildFile; fileRef = BE9A8ED527DA031B0007E32A /* SignInQuery.swift */; };
		BE9A8ED927DA03B70007E32A /* ProblemQuery.swift in Sources */ = {isa = PBXBuildFile; fileRef = BE9A8ED827DA03B70007E32A /* ProblemQuery.swift */; };
		BE9A8EDC27DA04160007E32A /* UserInfosQuery.swift in Sources */ = {isa = PBXBuildFile; fileRef = BE9A8EDB27DA04160007E32A /* UserInfosQuery.swift */; };
		BE9A8EDE27DA047D0007E32A /* BecomeReferentQuery.swift in Sources */ = {isa = PBXBuildFile; fileRef = BE9A8EDD27DA047D0007E32A /* BecomeReferentQuery.swift */; };
/* End PBXBuildFile section */

/* Begin PBXContainerItemProxy section */
		5748352127D93A0A001CE3A8 /* PBXContainerItemProxy */ = {
			isa = PBXContainerItemProxy;
			containerPortal = 5748350227D93A08001CE3A8 /* Project object */;
			proxyType = 1;
			remoteGlobalIDString = 5748350927D93A08001CE3A8;
			remoteInfo = Brumethon;
		};
		5748352B27D93A0A001CE3A8 /* PBXContainerItemProxy */ = {
			isa = PBXContainerItemProxy;
			containerPortal = 5748350227D93A08001CE3A8 /* Project object */;
			proxyType = 1;
			remoteGlobalIDString = 5748350927D93A08001CE3A8;
			remoteInfo = Brumethon;
		};
/* End PBXContainerItemProxy section */

/* Begin PBXFileReference section */
		1F143D5E79CEFC158C154CE2 /* Pods-Brumethon.debug.xcconfig */ = {isa = PBXFileReference; includeInIndex = 1; lastKnownFileType = text.xcconfig; name = "Pods-Brumethon.debug.xcconfig"; path = "Target Support Files/Pods-Brumethon/Pods-Brumethon.debug.xcconfig"; sourceTree = "<group>"; };
		5748350A27D93A08001CE3A8 /* Brumethon.app */ = {isa = PBXFileReference; explicitFileType = wrapper.application; includeInIndex = 0; path = Brumethon.app; sourceTree = BUILT_PRODUCTS_DIR; };
		5748350D27D93A08001CE3A8 /* AppDelegate.swift */ = {isa = PBXFileReference; lastKnownFileType = sourcecode.swift; path = AppDelegate.swift; sourceTree = "<group>"; };
		5748351627D93A0A001CE3A8 /* Assets.xcassets */ = {isa = PBXFileReference; lastKnownFileType = folder.assetcatalog; path = Assets.xcassets; sourceTree = "<group>"; };
		5748351927D93A0A001CE3A8 /* Base */ = {isa = PBXFileReference; lastKnownFileType = file.storyboard; name = Base; path = Base.lproj/LaunchScreen.storyboard; sourceTree = "<group>"; };
		5748351B27D93A0A001CE3A8 /* Info.plist */ = {isa = PBXFileReference; lastKnownFileType = text.plist.xml; path = Info.plist; sourceTree = "<group>"; };
		5748352027D93A0A001CE3A8 /* BrumethonTests.xctest */ = {isa = PBXFileReference; explicitFileType = wrapper.cfbundle; includeInIndex = 0; path = BrumethonTests.xctest; sourceTree = BUILT_PRODUCTS_DIR; };
		5748352427D93A0A001CE3A8 /* BrumethonTests.swift */ = {isa = PBXFileReference; lastKnownFileType = sourcecode.swift; path = BrumethonTests.swift; sourceTree = "<group>"; };
		5748352A27D93A0A001CE3A8 /* BrumethonUITests.xctest */ = {isa = PBXFileReference; explicitFileType = wrapper.cfbundle; includeInIndex = 0; path = BrumethonUITests.xctest; sourceTree = BUILT_PRODUCTS_DIR; };
		5748352E27D93A0A001CE3A8 /* BrumethonUITests.swift */ = {isa = PBXFileReference; lastKnownFileType = sourcecode.swift; path = BrumethonUITests.swift; sourceTree = "<group>"; };
		5748353027D93A0A001CE3A8 /* BrumethonUITestsLaunchTests.swift */ = {isa = PBXFileReference; lastKnownFileType = sourcecode.swift; path = BrumethonUITestsLaunchTests.swift; sourceTree = "<group>"; };
		5748354A27D9414E001CE3A8 /* en */ = {isa = PBXFileReference; lastKnownFileType = text.plist.strings; name = en; path = en.lproj/Localizable.strings; sourceTree = "<group>"; };
		5748354C27D9416F001CE3A8 /* fr */ = {isa = PBXFileReference; lastKnownFileType = text.plist.strings; name = fr; path = fr.lproj/LaunchScreen.strings; sourceTree = "<group>"; };
		5748354D27D94170001CE3A8 /* fr */ = {isa = PBXFileReference; lastKnownFileType = text.plist.strings; name = fr; path = fr.lproj/Localizable.strings; sourceTree = "<group>"; };
		5748355627D9615B001CE3A8 /* SignInViewController.swift */ = {isa = PBXFileReference; lastKnownFileType = sourcecode.swift; path = SignInViewController.swift; sourceTree = "<group>"; };
		5748355727D9615B001CE3A8 /* SignInViewController.xib */ = {isa = PBXFileReference; lastKnownFileType = file.xib; path = SignInViewController.xib; sourceTree = "<group>"; };
		5748355A27D96981001CE3A8 /* languageUtil.swift */ = {isa = PBXFileReference; lastKnownFileType = sourcecode.swift; path = languageUtil.swift; sourceTree = "<group>"; };
		5748355C27D96F6B001CE3A8 /* styleUtil.swift */ = {isa = PBXFileReference; lastKnownFileType = sourcecode.swift; path = styleUtil.swift; sourceTree = "<group>"; };
		5748355F27D9808F001CE3A8 /* ProfileViewController.swift */ = {isa = PBXFileReference; lastKnownFileType = sourcecode.swift; path = ProfileViewController.swift; sourceTree = "<group>"; };
		5748356027D9808F001CE3A8 /* ProfileViewController.xib */ = {isa = PBXFileReference; lastKnownFileType = file.xib; path = ProfileViewController.xib; sourceTree = "<group>"; };
		5748356327D98571001CE3A8 /* MainViewController.swift */ = {isa = PBXFileReference; lastKnownFileType = sourcecode.swift; path = MainViewController.swift; sourceTree = "<group>"; };
		5748356427D98571001CE3A8 /* MainViewController.xib */ = {isa = PBXFileReference; lastKnownFileType = file.xib; path = MainViewController.xib; sourceTree = "<group>"; };
		5748356827D9EB5F001CE3A8 /* ModalViewController.swift */ = {isa = PBXFileReference; lastKnownFileType = sourcecode.swift; path = ModalViewController.swift; sourceTree = "<group>"; };
		5748356927D9EB5F001CE3A8 /* ModalViewController.xib */ = {isa = PBXFileReference; lastKnownFileType = file.xib; path = ModalViewController.xib; sourceTree = "<group>"; };
		5772BF6427DA4EDF00084D94 /* SignUpInformationViewController.swift */ = {isa = PBXFileReference; lastKnownFileType = sourcecode.swift; path = SignUpInformationViewController.swift; sourceTree = "<group>"; };
		5772BF6527DA4EDF00084D94 /* SignUpInformationViewController.xib */ = {isa = PBXFileReference; lastKnownFileType = file.xib; path = SignUpInformationViewController.xib; sourceTree = "<group>"; };
		5772BF6A27DA587A00084D94 /* SignUpAddressViewController.swift */ = {isa = PBXFileReference; lastKnownFileType = sourcecode.swift; path = SignUpAddressViewController.swift; sourceTree = "<group>"; };
		5772BF6B27DA587A00084D94 /* SignUpAddressViewController.xib */ = {isa = PBXFileReference; lastKnownFileType = file.xib; path = SignUpAddressViewController.xib; sourceTree = "<group>"; };
		5CD23BDCCED1BBB49AC8F837 /* Pods-Brumethon-BrumethonUITests.debug.xcconfig */ = {isa = PBXFileReference; includeInIndex = 1; lastKnownFileType = text.xcconfig; name = "Pods-Brumethon-BrumethonUITests.debug.xcconfig"; path = "Target Support Files/Pods-Brumethon-BrumethonUITests/Pods-Brumethon-BrumethonUITests.debug.xcconfig"; sourceTree = "<group>"; };
		6C38A8810FD0AF98140FBF86 /* Pods-BrumethonTests.release.xcconfig */ = {isa = PBXFileReference; includeInIndex = 1; lastKnownFileType = text.xcconfig; name = "Pods-BrumethonTests.release.xcconfig"; path = "Target Support Files/Pods-BrumethonTests/Pods-BrumethonTests.release.xcconfig"; sourceTree = "<group>"; };
		7453CDEB28E09B56B73706A6 /* Pods_Brumethon_BrumethonUITests.framework */ = {isa = PBXFileReference; explicitFileType = wrapper.framework; includeInIndex = 0; path = Pods_Brumethon_BrumethonUITests.framework; sourceTree = BUILT_PRODUCTS_DIR; };
		79CEC5074EBC64FF847F9F97 /* Pods-Brumethon-BrumethonUITests.release.xcconfig */ = {isa = PBXFileReference; includeInIndex = 1; lastKnownFileType = text.xcconfig; name = "Pods-Brumethon-BrumethonUITests.release.xcconfig"; path = "Target Support Files/Pods-Brumethon-BrumethonUITests/Pods-Brumethon-BrumethonUITests.release.xcconfig"; sourceTree = "<group>"; };
		9784A74A393C12F41D862B1D /* Pods-Brumethon.release.xcconfig */ = {isa = PBXFileReference; includeInIndex = 1; lastKnownFileType = text.xcconfig; name = "Pods-Brumethon.release.xcconfig"; path = "Target Support Files/Pods-Brumethon/Pods-Brumethon.release.xcconfig"; sourceTree = "<group>"; };
		AC96018C1A208EBABA5F97E7 /* Pods_BrumethonTests.framework */ = {isa = PBXFileReference; explicitFileType = wrapper.framework; includeInIndex = 0; path = Pods_BrumethonTests.framework; sourceTree = BUILT_PRODUCTS_DIR; };
		BE8483C327DA7D020002C0BB /* SignUpLoginInfosViewController.swift */ = {isa = PBXFileReference; lastKnownFileType = sourcecode.swift; path = SignUpLoginInfosViewController.swift; sourceTree = "<group>"; };
		BE8483C427DA7D020002C0BB /* SignUpLoginInfosViewController.xib */ = {isa = PBXFileReference; lastKnownFileType = file.xib; path = SignUpLoginInfosViewController.xib; sourceTree = "<group>"; };
		BE8483C727DA8C590002C0BB /* SignUpChooseCategoriesViewController.swift */ = {isa = PBXFileReference; lastKnownFileType = sourcecode.swift; path = SignUpChooseCategoriesViewController.swift; sourceTree = "<group>"; };
		BE8483C827DA8C590002C0BB /* SignUpChooseCategoriesViewController.xib */ = {isa = PBXFileReference; lastKnownFileType = file.xib; path = SignUpChooseCategoriesViewController.xib; sourceTree = "<group>"; };
		BE9A8EB627D9F0D70007E32A /* Documentation.docc */ = {isa = PBXFileReference; lastKnownFileType = folder.documentationcatalog; path = Documentation.docc; sourceTree = "<group>"; };
		BE9A8EB927D9F3D90007E32A /* Service.swift */ = {isa = PBXFileReference; lastKnownFileType = sourcecode.swift; path = Service.swift; sourceTree = "<group>"; };
		BE9A8EBB27D9F4080007E32A /* UserInfos.swift */ = {isa = PBXFileReference; lastKnownFileType = sourcecode.swift; path = UserInfos.swift; sourceTree = "<group>"; };
		BE9A8EC327D9FCCA0007E32A /* ServiceError.swift */ = {isa = PBXFileReference; lastKnownFileType = sourcecode.swift; path = ServiceError.swift; sourceTree = "<group>"; };
		BE9A8EC627D9FCFB0007E32A /* Query.swift */ = {isa = PBXFileReference; lastKnownFileType = sourcecode.swift; path = Query.swift; sourceTree = "<group>"; };
		BE9A8EC827D9FE3A0007E32A /* NetworkLogger.swift */ = {isa = PBXFileReference; lastKnownFileType = sourcecode.swift; path = NetworkLogger.swift; sourceTree = "<group>"; };
		BE9A8ECA27D9FF370007E32A /* Address.swift */ = {isa = PBXFileReference; lastKnownFileType = sourcecode.swift; path = Address.swift; sourceTree = "<group>"; };
		BE9A8ECC27DA00130007E32A /* Problem.swift */ = {isa = PBXFileReference; lastKnownFileType = sourcecode.swift; path = Problem.swift; sourceTree = "<group>"; };
		BE9A8ECE27DA00BC0007E32A /* Scooter.swift */ = {isa = PBXFileReference; lastKnownFileType = sourcecode.swift; path = Scooter.swift; sourceTree = "<group>"; };
		BE9A8ED227DA01A70007E32A /* User.swift */ = {isa = PBXFileReference; lastKnownFileType = sourcecode.swift; path = User.swift; sourceTree = "<group>"; };
		BE9A8ED527DA031B0007E32A /* SignInQuery.swift */ = {isa = PBXFileReference; lastKnownFileType = sourcecode.swift; path = SignInQuery.swift; sourceTree = "<group>"; };
		BE9A8ED827DA03B70007E32A /* ProblemQuery.swift */ = {isa = PBXFileReference; lastKnownFileType = sourcecode.swift; path = ProblemQuery.swift; sourceTree = "<group>"; };
		BE9A8EDB27DA04160007E32A /* UserInfosQuery.swift */ = {isa = PBXFileReference; lastKnownFileType = sourcecode.swift; path = UserInfosQuery.swift; sourceTree = "<group>"; };
		BE9A8EDD27DA047D0007E32A /* BecomeReferentQuery.swift */ = {isa = PBXFileReference; lastKnownFileType = sourcecode.swift; path = BecomeReferentQuery.swift; sourceTree = "<group>"; };
		DCA04383FD441A07A80D7BF3 /* Pods-BrumethonTests.debug.xcconfig */ = {isa = PBXFileReference; includeInIndex = 1; lastKnownFileType = text.xcconfig; name = "Pods-BrumethonTests.debug.xcconfig"; path = "Target Support Files/Pods-BrumethonTests/Pods-BrumethonTests.debug.xcconfig"; sourceTree = "<group>"; };
		FAE5245E9F1FD45695EF4A80 /* Pods_Brumethon.framework */ = {isa = PBXFileReference; explicitFileType = wrapper.framework; includeInIndex = 0; path = Pods_Brumethon.framework; sourceTree = BUILT_PRODUCTS_DIR; };
/* End PBXFileReference section */

/* Begin PBXFrameworksBuildPhase section */
		5748350727D93A08001CE3A8 /* Frameworks */ = {
			isa = PBXFrameworksBuildPhase;
			buildActionMask = 2147483647;
			files = (
				56C560E6953A4514DB799D72 /* Pods_Brumethon.framework in Frameworks */,
			);
			runOnlyForDeploymentPostprocessing = 0;
		};
		5748351D27D93A0A001CE3A8 /* Frameworks */ = {
			isa = PBXFrameworksBuildPhase;
			buildActionMask = 2147483647;
			files = (
				94217FEF366F422B5DC898FA /* Pods_BrumethonTests.framework in Frameworks */,
			);
			runOnlyForDeploymentPostprocessing = 0;
		};
		5748352727D93A0A001CE3A8 /* Frameworks */ = {
			isa = PBXFrameworksBuildPhase;
			buildActionMask = 2147483647;
			files = (
				6DB8E99B285E8F506D024472 /* Pods_Brumethon_BrumethonUITests.framework in Frameworks */,
			);
			runOnlyForDeploymentPostprocessing = 0;
		};
/* End PBXFrameworksBuildPhase section */

/* Begin PBXGroup section */
		025E5BDD33A7D3FB3B24EC82 /* Pods */ = {
			isa = PBXGroup;
			children = (
				1F143D5E79CEFC158C154CE2 /* Pods-Brumethon.debug.xcconfig */,
				9784A74A393C12F41D862B1D /* Pods-Brumethon.release.xcconfig */,
				5CD23BDCCED1BBB49AC8F837 /* Pods-Brumethon-BrumethonUITests.debug.xcconfig */,
				79CEC5074EBC64FF847F9F97 /* Pods-Brumethon-BrumethonUITests.release.xcconfig */,
				DCA04383FD441A07A80D7BF3 /* Pods-BrumethonTests.debug.xcconfig */,
				6C38A8810FD0AF98140FBF86 /* Pods-BrumethonTests.release.xcconfig */,
			);
			path = Pods;
			sourceTree = "<group>";
		};
		5748350127D93A08001CE3A8 = {
			isa = PBXGroup;
			children = (
				BE9A8EB627D9F0D70007E32A /* Documentation.docc */,
				5748350C27D93A08001CE3A8 /* Brumethon */,
				5748352327D93A0A001CE3A8 /* BrumethonTests */,
				5748352D27D93A0A001CE3A8 /* BrumethonUITests */,
				5748350B27D93A08001CE3A8 /* Products */,
				025E5BDD33A7D3FB3B24EC82 /* Pods */,
				6D4CE11BFE5BCF2D431D5EA6 /* Frameworks */,
			);
			sourceTree = "<group>";
		};
		5748350B27D93A08001CE3A8 /* Products */ = {
			isa = PBXGroup;
			children = (
				5748350A27D93A08001CE3A8 /* Brumethon.app */,
				5748352027D93A0A001CE3A8 /* BrumethonTests.xctest */,
				5748352A27D93A0A001CE3A8 /* BrumethonUITests.xctest */,
			);
			name = Products;
			sourceTree = "<group>";
		};
		5748350C27D93A08001CE3A8 /* Brumethon */ = {
			isa = PBXGroup;
			children = (
				BE9A8EC027D9FC410007E32A /* Network */,
				5748355E27D97B23001CE3A8 /* Views */,
				5748354E27D943C3001CE3A8 /* Utils */,
				5748350D27D93A08001CE3A8 /* AppDelegate.swift */,
				5748351627D93A0A001CE3A8 /* Assets.xcassets */,
				5748351827D93A0A001CE3A8 /* LaunchScreen.storyboard */,
				5748351B27D93A0A001CE3A8 /* Info.plist */,
				5748354B27D9414E001CE3A8 /* Localizable.strings */,
			);
			path = Brumethon;
			sourceTree = "<group>";
		};
		5748352327D93A0A001CE3A8 /* BrumethonTests */ = {
			isa = PBXGroup;
			children = (
				5748352427D93A0A001CE3A8 /* BrumethonTests.swift */,
			);
			path = BrumethonTests;
			sourceTree = "<group>";
		};
		5748352D27D93A0A001CE3A8 /* BrumethonUITests */ = {
			isa = PBXGroup;
			children = (
				5748352E27D93A0A001CE3A8 /* BrumethonUITests.swift */,
				5748353027D93A0A001CE3A8 /* BrumethonUITestsLaunchTests.swift */,
			);
			path = BrumethonUITests;
			sourceTree = "<group>";
		};
		5748354E27D943C3001CE3A8 /* Utils */ = {
			isa = PBXGroup;
			children = (
				5748355A27D96981001CE3A8 /* languageUtil.swift */,
				5748355C27D96F6B001CE3A8 /* styleUtil.swift */,
			);
			path = Utils;
			sourceTree = "<group>";
		};
		5748355127D955E1001CE3A8 /* Authentication */ = {
			isa = PBXGroup;
			children = (
				BE8483C227DA7CDE0002C0BB /* SignUp */,
				BE8483C127DA7CD40002C0BB /* SignIn */,
			);
			path = Authentication;
			sourceTree = "<group>";
		};
		5748355E27D97B23001CE3A8 /* Views */ = {
			isa = PBXGroup;
			children = (
				BE8483B427DA5CD30002C0BB /* Carousel */,
				5748356727D98579001CE3A8 /* NavigationViews */,
				5748355127D955E1001CE3A8 /* Authentication */,
				5748356827D9EB5F001CE3A8 /* ModalViewController.swift */,
				5748356927D9EB5F001CE3A8 /* ModalViewController.xib */,
			);
			path = Views;
			sourceTree = "<group>";
		};
		5748356727D98579001CE3A8 /* NavigationViews */ = {
			isa = PBXGroup;
			children = (
				5748355F27D9808F001CE3A8 /* ProfileViewController.swift */,
				5748356027D9808F001CE3A8 /* ProfileViewController.xib */,
				5748356327D98571001CE3A8 /* MainViewController.swift */,
				5748356427D98571001CE3A8 /* MainViewController.xib */,
			);
			path = NavigationViews;
			sourceTree = "<group>";
		};
		6D4CE11BFE5BCF2D431D5EA6 /* Frameworks */ = {
			isa = PBXGroup;
			children = (
				FAE5245E9F1FD45695EF4A80 /* Pods_Brumethon.framework */,
				7453CDEB28E09B56B73706A6 /* Pods_Brumethon_BrumethonUITests.framework */,
				AC96018C1A208EBABA5F97E7 /* Pods_BrumethonTests.framework */,
			);
			name = Frameworks;
			sourceTree = "<group>";
		};
		BE8483C127DA7CD40002C0BB /* SignIn */ = {
			isa = PBXGroup;
			children = (
				5748355627D9615B001CE3A8 /* SignInViewController.swift */,
				5748355727D9615B001CE3A8 /* SignInViewController.xib */,
			);
			path = SignIn;
			sourceTree = "<group>";
		};
		BE8483C227DA7CDE0002C0BB /* SignUp */ = {
			isa = PBXGroup;
			children = (
				5772BF6427DA4EDF00084D94 /* SignUpInformationViewController.swift */,
				5772BF6527DA4EDF00084D94 /* SignUpInformationViewController.xib */,
				5772BF6A27DA587A00084D94 /* SignUpAddressViewController.swift */,
				5772BF6B27DA587A00084D94 /* SignUpAddressViewController.xib */,
				BE8483C327DA7D020002C0BB /* SignUpLoginInfosViewController.swift */,
				BE8483C427DA7D020002C0BB /* SignUpLoginInfosViewController.xib */,
				BE8483C727DA8C590002C0BB /* SignUpChooseCategoriesViewController.swift */,
				BE8483C827DA8C590002C0BB /* SignUpChooseCategoriesViewController.xib */,
			);
			path = SignUp;
			sourceTree = "<group>";
		};
		BE9A8EB827D9F28F0007E32A /* Models */ = {
			isa = PBXGroup;
			children = (
				BE9A8ED227DA01A70007E32A /* User.swift */,
				BE9A8EBB27D9F4080007E32A /* UserInfos.swift */,
				BE9A8ECA27D9FF370007E32A /* Address.swift */,
				BE9A8ECC27DA00130007E32A /* Problem.swift */,
				BE9A8ECE27DA00BC0007E32A /* Scooter.swift */,
			);
			path = Models;
			sourceTree = "<group>";
		};
		BE9A8EC027D9FC410007E32A /* Network */ = {
			isa = PBXGroup;
			children = (
				BE9A8EC827D9FE3A0007E32A /* NetworkLogger.swift */,
				BE9A8EC127D9FC4A0007E32A /* Services */,
				BE9A8EB827D9F28F0007E32A /* Models */,
				BE9A8EC527D9FCEE0007E32A /* Queries */,
				BE9A8EC227D9FCB50007E32A /* Errors */,
			);
			path = Network;
			sourceTree = "<group>";
		};
		BE9A8EC127D9FC4A0007E32A /* Services */ = {
			isa = PBXGroup;
			children = (
				BE9A8EB927D9F3D90007E32A /* Service.swift */,
			);
			path = Services;
			sourceTree = "<group>";
		};
		BE9A8EC227D9FCB50007E32A /* Errors */ = {
			isa = PBXGroup;
			children = (
				BE9A8EC327D9FCCA0007E32A /* ServiceError.swift */,
			);
			path = Errors;
			sourceTree = "<group>";
		};
		BE9A8EC527D9FCEE0007E32A /* Queries */ = {
			isa = PBXGroup;
			children = (
				BE9A8EC627D9FCFB0007E32A /* Query.swift */,
				BE9A8ED427DA03100007E32A /* Authentication */,
				BE9A8EDA27DA04030007E32A /* User */,
				BE9A8ED727DA03970007E32A /* Problem */,
			);
			path = Queries;
			sourceTree = "<group>";
		};
		BE9A8ED427DA03100007E32A /* Authentication */ = {
			isa = PBXGroup;
			children = (
				BE9A8ED527DA031B0007E32A /* SignInQuery.swift */,
			);
			path = Authentication;
			sourceTree = "<group>";
		};
		BE9A8ED727DA03970007E32A /* Problem */ = {
			isa = PBXGroup;
			children = (
				BE9A8ED827DA03B70007E32A /* ProblemQuery.swift */,
			);
			path = Problem;
			sourceTree = "<group>";
		};
		BE9A8EDA27DA04030007E32A /* User */ = {
			isa = PBXGroup;
			children = (
				BE9A8EDB27DA04160007E32A /* UserInfosQuery.swift */,
				BE9A8EDD27DA047D0007E32A /* BecomeReferentQuery.swift */,
			);
			path = User;
			sourceTree = "<group>";
		};
/* End PBXGroup section */

/* Begin PBXNativeTarget section */
		5748350927D93A08001CE3A8 /* Brumethon */ = {
			isa = PBXNativeTarget;
			buildConfigurationList = 5748353427D93A0A001CE3A8 /* Build configuration list for PBXNativeTarget "Brumethon" */;
			buildPhases = (
				48D748EEBBCF950A35AF414B /* [CP] Check Pods Manifest.lock */,
				5748350627D93A08001CE3A8 /* Sources */,
				5748350727D93A08001CE3A8 /* Frameworks */,
				5748350827D93A08001CE3A8 /* Resources */,
				11DC20366D6F3D11F07EF7D9 /* [CP] Embed Pods Frameworks */,
			);
			buildRules = (
			);
			dependencies = (
			);
			name = Brumethon;
			packageProductDependencies = (
			);
			productName = Brumethon;
			productReference = 5748350A27D93A08001CE3A8 /* Brumethon.app */;
			productType = "com.apple.product-type.application";
		};
		5748351F27D93A0A001CE3A8 /* BrumethonTests */ = {
			isa = PBXNativeTarget;
			buildConfigurationList = 5748353727D93A0A001CE3A8 /* Build configuration list for PBXNativeTarget "BrumethonTests" */;
			buildPhases = (
				72DA6F0089853E096FAAFB93 /* [CP] Check Pods Manifest.lock */,
				5748351C27D93A0A001CE3A8 /* Sources */,
				5748351D27D93A0A001CE3A8 /* Frameworks */,
				5748351E27D93A0A001CE3A8 /* Resources */,
			);
			buildRules = (
			);
			dependencies = (
				5748352227D93A0A001CE3A8 /* PBXTargetDependency */,
			);
			name = BrumethonTests;
			productName = BrumethonTests;
			productReference = 5748352027D93A0A001CE3A8 /* BrumethonTests.xctest */;
			productType = "com.apple.product-type.bundle.unit-test";
		};
		5748352927D93A0A001CE3A8 /* BrumethonUITests */ = {
			isa = PBXNativeTarget;
			buildConfigurationList = 5748353A27D93A0A001CE3A8 /* Build configuration list for PBXNativeTarget "BrumethonUITests" */;
			buildPhases = (
				CDEE92144C89914300819CD2 /* [CP] Check Pods Manifest.lock */,
				5748352627D93A0A001CE3A8 /* Sources */,
				5748352727D93A0A001CE3A8 /* Frameworks */,
				5748352827D93A0A001CE3A8 /* Resources */,
				82FC68D8F9995465E77D85B9 /* [CP] Embed Pods Frameworks */,
			);
			buildRules = (
			);
			dependencies = (
				5748352C27D93A0A001CE3A8 /* PBXTargetDependency */,
			);
			name = BrumethonUITests;
			productName = BrumethonUITests;
			productReference = 5748352A27D93A0A001CE3A8 /* BrumethonUITests.xctest */;
			productType = "com.apple.product-type.bundle.ui-testing";
		};
/* End PBXNativeTarget section */

/* Begin PBXProject section */
		5748350227D93A08001CE3A8 /* Project object */ = {
			isa = PBXProject;
			attributes = {
				BuildIndependentTargetsInParallel = 1;
				LastSwiftUpdateCheck = 1320;
				LastUpgradeCheck = 1320;
				TargetAttributes = {
					5748350927D93A08001CE3A8 = {
						CreatedOnToolsVersion = 13.2.1;
					};
					5748351F27D93A0A001CE3A8 = {
						CreatedOnToolsVersion = 13.2.1;
						TestTargetID = 5748350927D93A08001CE3A8;
					};
					5748352927D93A0A001CE3A8 = {
						CreatedOnToolsVersion = 13.2.1;
						TestTargetID = 5748350927D93A08001CE3A8;
					};
				};
			};
			buildConfigurationList = 5748350527D93A08001CE3A8 /* Build configuration list for PBXProject "Brumethon" */;
			compatibilityVersion = "Xcode 13.0";
			developmentRegion = en;
			hasScannedForEncodings = 0;
			knownRegions = (
				en,
				Base,
				fr,
			);
			mainGroup = 5748350127D93A08001CE3A8;
			packageReferences = (
			);
			productRefGroup = 5748350B27D93A08001CE3A8 /* Products */;
			projectDirPath = "";
			projectRoot = "";
			targets = (
				5748350927D93A08001CE3A8 /* Brumethon */,
				5748351F27D93A0A001CE3A8 /* BrumethonTests */,
				5748352927D93A0A001CE3A8 /* BrumethonUITests */,
			);
		};
/* End PBXProject section */

/* Begin PBXResourcesBuildPhase section */
		5748350827D93A08001CE3A8 /* Resources */ = {
			isa = PBXResourcesBuildPhase;
			buildActionMask = 2147483647;
			files = (
				5748356227D9808F001CE3A8 /* ProfileViewController.xib in Resources */,
				5748355927D9615B001CE3A8 /* SignInViewController.xib in Resources */,
				BE8483CA27DA8C590002C0BB /* SignUpChooseCategoriesViewController.xib in Resources */,
				5748351A27D93A0A001CE3A8 /* LaunchScreen.storyboard in Resources */,
				5748354927D9414E001CE3A8 /* Localizable.strings in Resources */,
				5748356B27D9EB5F001CE3A8 /* ModalViewController.xib in Resources */,
				5748351727D93A0A001CE3A8 /* Assets.xcassets in Resources */,
				BE8483C627DA7D020002C0BB /* SignUpLoginInfosViewController.xib in Resources */,
				5748356627D98571001CE3A8 /* MainViewController.xib in Resources */,
				5772BF6D27DA587A00084D94 /* SignUpAddressViewController.xib in Resources */,
				5772BF6727DA4EDF00084D94 /* SignUpInformationViewController.xib in Resources */,
			);
			runOnlyForDeploymentPostprocessing = 0;
		};
		5748351E27D93A0A001CE3A8 /* Resources */ = {
			isa = PBXResourcesBuildPhase;
			buildActionMask = 2147483647;
			files = (
			);
			runOnlyForDeploymentPostprocessing = 0;
		};
		5748352827D93A0A001CE3A8 /* Resources */ = {
			isa = PBXResourcesBuildPhase;
			buildActionMask = 2147483647;
			files = (
			);
			runOnlyForDeploymentPostprocessing = 0;
		};
/* End PBXResourcesBuildPhase section */

/* Begin PBXShellScriptBuildPhase section */
		11DC20366D6F3D11F07EF7D9 /* [CP] Embed Pods Frameworks */ = {
			isa = PBXShellScriptBuildPhase;
			buildActionMask = 2147483647;
			files = (
			);
			inputFileListPaths = (
				"${PODS_ROOT}/Target Support Files/Pods-Brumethon/Pods-Brumethon-frameworks-${CONFIGURATION}-input-files.xcfilelist",
			);
			name = "[CP] Embed Pods Frameworks";
			outputFileListPaths = (
				"${PODS_ROOT}/Target Support Files/Pods-Brumethon/Pods-Brumethon-frameworks-${CONFIGURATION}-output-files.xcfilelist",
			);
			runOnlyForDeploymentPostprocessing = 0;
			shellPath = /bin/sh;
			shellScript = "\"${PODS_ROOT}/Target Support Files/Pods-Brumethon/Pods-Brumethon-frameworks.sh\"\n";
			showEnvVarsInLog = 0;
		};
		48D748EEBBCF950A35AF414B /* [CP] Check Pods Manifest.lock */ = {
			isa = PBXShellScriptBuildPhase;
			buildActionMask = 2147483647;
			files = (
			);
			inputFileListPaths = (
			);
			inputPaths = (
				"${PODS_PODFILE_DIR_PATH}/Podfile.lock",
				"${PODS_ROOT}/Manifest.lock",
			);
			name = "[CP] Check Pods Manifest.lock";
			outputFileListPaths = (
			);
			outputPaths = (
				"$(DERIVED_FILE_DIR)/Pods-Brumethon-checkManifestLockResult.txt",
			);
			runOnlyForDeploymentPostprocessing = 0;
			shellPath = /bin/sh;
			shellScript = "diff \"${PODS_PODFILE_DIR_PATH}/Podfile.lock\" \"${PODS_ROOT}/Manifest.lock\" > /dev/null\nif [ $? != 0 ] ; then\n    # print error to STDERR\n    echo \"error: The sandbox is not in sync with the Podfile.lock. Run 'pod install' or update your CocoaPods installation.\" >&2\n    exit 1\nfi\n# This output is used by Xcode 'outputs' to avoid re-running this script phase.\necho \"SUCCESS\" > \"${SCRIPT_OUTPUT_FILE_0}\"\n";
			showEnvVarsInLog = 0;
		};
		72DA6F0089853E096FAAFB93 /* [CP] Check Pods Manifest.lock */ = {
			isa = PBXShellScriptBuildPhase;
			buildActionMask = 2147483647;
			files = (
			);
			inputFileListPaths = (
			);
			inputPaths = (
				"${PODS_PODFILE_DIR_PATH}/Podfile.lock",
				"${PODS_ROOT}/Manifest.lock",
			);
			name = "[CP] Check Pods Manifest.lock";
			outputFileListPaths = (
			);
			outputPaths = (
				"$(DERIVED_FILE_DIR)/Pods-BrumethonTests-checkManifestLockResult.txt",
			);
			runOnlyForDeploymentPostprocessing = 0;
			shellPath = /bin/sh;
			shellScript = "diff \"${PODS_PODFILE_DIR_PATH}/Podfile.lock\" \"${PODS_ROOT}/Manifest.lock\" > /dev/null\nif [ $? != 0 ] ; then\n    # print error to STDERR\n    echo \"error: The sandbox is not in sync with the Podfile.lock. Run 'pod install' or update your CocoaPods installation.\" >&2\n    exit 1\nfi\n# This output is used by Xcode 'outputs' to avoid re-running this script phase.\necho \"SUCCESS\" > \"${SCRIPT_OUTPUT_FILE_0}\"\n";
			showEnvVarsInLog = 0;
		};
		82FC68D8F9995465E77D85B9 /* [CP] Embed Pods Frameworks */ = {
			isa = PBXShellScriptBuildPhase;
			buildActionMask = 2147483647;
			files = (
			);
			inputFileListPaths = (
				"${PODS_ROOT}/Target Support Files/Pods-Brumethon-BrumethonUITests/Pods-Brumethon-BrumethonUITests-frameworks-${CONFIGURATION}-input-files.xcfilelist",
			);
			name = "[CP] Embed Pods Frameworks";
			outputFileListPaths = (
				"${PODS_ROOT}/Target Support Files/Pods-Brumethon-BrumethonUITests/Pods-Brumethon-BrumethonUITests-frameworks-${CONFIGURATION}-output-files.xcfilelist",
			);
			runOnlyForDeploymentPostprocessing = 0;
			shellPath = /bin/sh;
			shellScript = "\"${PODS_ROOT}/Target Support Files/Pods-Brumethon-BrumethonUITests/Pods-Brumethon-BrumethonUITests-frameworks.sh\"\n";
			showEnvVarsInLog = 0;
		};
		CDEE92144C89914300819CD2 /* [CP] Check Pods Manifest.lock */ = {
			isa = PBXShellScriptBuildPhase;
			buildActionMask = 2147483647;
			files = (
			);
			inputFileListPaths = (
			);
			inputPaths = (
				"${PODS_PODFILE_DIR_PATH}/Podfile.lock",
				"${PODS_ROOT}/Manifest.lock",
			);
			name = "[CP] Check Pods Manifest.lock";
			outputFileListPaths = (
			);
			outputPaths = (
				"$(DERIVED_FILE_DIR)/Pods-Brumethon-BrumethonUITests-checkManifestLockResult.txt",
			);
			runOnlyForDeploymentPostprocessing = 0;
			shellPath = /bin/sh;
			shellScript = "diff \"${PODS_PODFILE_DIR_PATH}/Podfile.lock\" \"${PODS_ROOT}/Manifest.lock\" > /dev/null\nif [ $? != 0 ] ; then\n    # print error to STDERR\n    echo \"error: The sandbox is not in sync with the Podfile.lock. Run 'pod install' or update your CocoaPods installation.\" >&2\n    exit 1\nfi\n# This output is used by Xcode 'outputs' to avoid re-running this script phase.\necho \"SUCCESS\" > \"${SCRIPT_OUTPUT_FILE_0}\"\n";
			showEnvVarsInLog = 0;
		};
/* End PBXShellScriptBuildPhase section */

/* Begin PBXSourcesBuildPhase section */
		5748350627D93A08001CE3A8 /* Sources */ = {
			isa = PBXSourcesBuildPhase;
			buildActionMask = 2147483647;
			files = (
				BE9A8EC927D9FE3A0007E32A /* NetworkLogger.swift in Sources */,
				BE8483B627DA5CFC0002C0BB /* TicketCell.swift in Sources */,
				BE9A8EC427D9FCCA0007E32A /* ServiceError.swift in Sources */,
				5748356A27D9EB5F001CE3A8 /* ModalViewController.swift in Sources */,
				5748356527D98571001CE3A8 /* MainViewController.swift in Sources */,
				BE9A8EBA27D9F3D90007E32A /* Service.swift in Sources */,
				5748356127D9808F001CE3A8 /* ProfileViewController.swift in Sources */,
				BE9A8EDE27DA047D0007E32A /* BecomeReferentQuery.swift in Sources */,
				5748355B27D96981001CE3A8 /* languageUtil.swift in Sources */,
				BE9A8EB727D9F0D70007E32A /* Documentation.docc in Sources */,
				BE9A8ED927DA03B70007E32A /* ProblemQuery.swift in Sources */,
				BE8483C927DA8C590002C0BB /* SignUpChooseCategoriesViewController.swift in Sources */,
				BE9A8EC727D9FCFB0007E32A /* Query.swift in Sources */,
				BE9A8ECD27DA00130007E32A /* Problem.swift in Sources */,
				BE8483C527DA7D020002C0BB /* SignUpLoginInfosViewController.swift in Sources */,
				BE9A8ED627DA031B0007E32A /* SignInQuery.swift in Sources */,
				5772BF6627DA4EDF00084D94 /* SignUpInformationViewController.swift in Sources */,
				BE9A8ECB27D9FF370007E32A /* Address.swift in Sources */,
				BE9A8ECF27DA00BC0007E32A /* Scooter.swift in Sources */,
				5748350E27D93A08001CE3A8 /* AppDelegate.swift in Sources */,
				5748355D27D96F6B001CE3A8 /* styleUtil.swift in Sources */,
				5748355827D9615B001CE3A8 /* SignInViewController.swift in Sources */,
				BE9A8EBC27D9F4080007E32A /* UserInfos.swift in Sources */,
				5772BF6C27DA587A00084D94 /* SignUpAddressViewController.swift in Sources */,
				BE9A8ED327DA01A70007E32A /* User.swift in Sources */,
				BE9A8EDC27DA04160007E32A /* UserInfosQuery.swift in Sources */,
			);
			runOnlyForDeploymentPostprocessing = 0;
		};
		5748351C27D93A0A001CE3A8 /* Sources */ = {
			isa = PBXSourcesBuildPhase;
			buildActionMask = 2147483647;
			files = (
				5748352527D93A0A001CE3A8 /* BrumethonTests.swift in Sources */,
			);
			runOnlyForDeploymentPostprocessing = 0;
		};
		5748352627D93A0A001CE3A8 /* Sources */ = {
			isa = PBXSourcesBuildPhase;
			buildActionMask = 2147483647;
			files = (
				5748352F27D93A0A001CE3A8 /* BrumethonUITests.swift in Sources */,
				5748353127D93A0A001CE3A8 /* BrumethonUITestsLaunchTests.swift in Sources */,
			);
			runOnlyForDeploymentPostprocessing = 0;
		};
/* End PBXSourcesBuildPhase section */

/* Begin PBXTargetDependency section */
		5748352227D93A0A001CE3A8 /* PBXTargetDependency */ = {
			isa = PBXTargetDependency;
			target = 5748350927D93A08001CE3A8 /* Brumethon */;
			targetProxy = 5748352127D93A0A001CE3A8 /* PBXContainerItemProxy */;
		};
		5748352C27D93A0A001CE3A8 /* PBXTargetDependency */ = {
			isa = PBXTargetDependency;
			target = 5748350927D93A08001CE3A8 /* Brumethon */;
			targetProxy = 5748352B27D93A0A001CE3A8 /* PBXContainerItemProxy */;
		};
/* End PBXTargetDependency section */

/* Begin PBXVariantGroup section */
		5748351827D93A0A001CE3A8 /* LaunchScreen.storyboard */ = {
			isa = PBXVariantGroup;
			children = (
				5748351927D93A0A001CE3A8 /* Base */,
				5748354C27D9416F001CE3A8 /* fr */,
			);
			name = LaunchScreen.storyboard;
			sourceTree = "<group>";
		};
		5748354B27D9414E001CE3A8 /* Localizable.strings */ = {
			isa = PBXVariantGroup;
			children = (
				5748354A27D9414E001CE3A8 /* en */,
				5748354D27D94170001CE3A8 /* fr */,
			);
			name = Localizable.strings;
			sourceTree = "<group>";
		};
/* End PBXVariantGroup section */

/* Begin XCBuildConfiguration section */
		5748353227D93A0A001CE3A8 /* Debug */ = {
			isa = XCBuildConfiguration;
			buildSettings = {
				ALWAYS_SEARCH_USER_PATHS = NO;
				CLANG_ANALYZER_LOCALIZABILITY_NONLOCALIZED = YES;
				CLANG_ANALYZER_NONNULL = YES;
				CLANG_ANALYZER_NUMBER_OBJECT_CONVERSION = YES_AGGRESSIVE;
				CLANG_CXX_LANGUAGE_STANDARD = "gnu++17";
				CLANG_CXX_LIBRARY = "libc++";
				CLANG_ENABLE_MODULES = YES;
				CLANG_ENABLE_OBJC_ARC = YES;
				CLANG_ENABLE_OBJC_WEAK = YES;
				CLANG_WARN_BLOCK_CAPTURE_AUTORELEASING = YES;
				CLANG_WARN_BOOL_CONVERSION = YES;
				CLANG_WARN_COMMA = YES;
				CLANG_WARN_CONSTANT_CONVERSION = YES;
				CLANG_WARN_DEPRECATED_OBJC_IMPLEMENTATIONS = YES;
				CLANG_WARN_DIRECT_OBJC_ISA_USAGE = YES_ERROR;
				CLANG_WARN_DOCUMENTATION_COMMENTS = YES;
				CLANG_WARN_EMPTY_BODY = YES;
				CLANG_WARN_ENUM_CONVERSION = YES;
				CLANG_WARN_INFINITE_RECURSION = YES;
				CLANG_WARN_INT_CONVERSION = YES;
				CLANG_WARN_NON_LITERAL_NULL_CONVERSION = YES;
				CLANG_WARN_OBJC_IMPLICIT_RETAIN_SELF = YES;
				CLANG_WARN_OBJC_LITERAL_CONVERSION = YES;
				CLANG_WARN_OBJC_ROOT_CLASS = YES_ERROR;
				CLANG_WARN_QUOTED_INCLUDE_IN_FRAMEWORK_HEADER = YES;
				CLANG_WARN_RANGE_LOOP_ANALYSIS = YES;
				CLANG_WARN_STRICT_PROTOTYPES = YES;
				CLANG_WARN_SUSPICIOUS_MOVE = YES;
				CLANG_WARN_UNGUARDED_AVAILABILITY = YES_AGGRESSIVE;
				CLANG_WARN_UNREACHABLE_CODE = YES;
				CLANG_WARN__DUPLICATE_METHOD_MATCH = YES;
				COPY_PHASE_STRIP = NO;
				DEBUG_INFORMATION_FORMAT = dwarf;
				ENABLE_STRICT_OBJC_MSGSEND = YES;
				ENABLE_TESTABILITY = YES;
				GCC_C_LANGUAGE_STANDARD = gnu11;
				GCC_DYNAMIC_NO_PIC = NO;
				GCC_NO_COMMON_BLOCKS = YES;
				GCC_OPTIMIZATION_LEVEL = 0;
				GCC_PREPROCESSOR_DEFINITIONS = (
					"DEBUG=1",
					"$(inherited)",
				);
				GCC_WARN_64_TO_32_BIT_CONVERSION = YES;
				GCC_WARN_ABOUT_RETURN_TYPE = YES_ERROR;
				GCC_WARN_UNDECLARED_SELECTOR = YES;
				GCC_WARN_UNINITIALIZED_AUTOS = YES_AGGRESSIVE;
				GCC_WARN_UNUSED_FUNCTION = YES;
				GCC_WARN_UNUSED_VARIABLE = YES;
				INFOPLIST_KEY_UIUserInterfaceStyle = Light;
				IPHONEOS_DEPLOYMENT_TARGET = 15.2;
				MTL_ENABLE_DEBUG_INFO = INCLUDE_SOURCE;
				MTL_FAST_MATH = YES;
				ONLY_ACTIVE_ARCH = YES;
				SDKROOT = iphoneos;
				SWIFT_ACTIVE_COMPILATION_CONDITIONS = DEBUG;
				SWIFT_OPTIMIZATION_LEVEL = "-Onone";
			};
			name = Debug;
		};
		5748353327D93A0A001CE3A8 /* Release */ = {
			isa = XCBuildConfiguration;
			buildSettings = {
				ALWAYS_SEARCH_USER_PATHS = NO;
				CLANG_ANALYZER_LOCALIZABILITY_NONLOCALIZED = YES;
				CLANG_ANALYZER_NONNULL = YES;
				CLANG_ANALYZER_NUMBER_OBJECT_CONVERSION = YES_AGGRESSIVE;
				CLANG_CXX_LANGUAGE_STANDARD = "gnu++17";
				CLANG_CXX_LIBRARY = "libc++";
				CLANG_ENABLE_MODULES = YES;
				CLANG_ENABLE_OBJC_ARC = YES;
				CLANG_ENABLE_OBJC_WEAK = YES;
				CLANG_WARN_BLOCK_CAPTURE_AUTORELEASING = YES;
				CLANG_WARN_BOOL_CONVERSION = YES;
				CLANG_WARN_COMMA = YES;
				CLANG_WARN_CONSTANT_CONVERSION = YES;
				CLANG_WARN_DEPRECATED_OBJC_IMPLEMENTATIONS = YES;
				CLANG_WARN_DIRECT_OBJC_ISA_USAGE = YES_ERROR;
				CLANG_WARN_DOCUMENTATION_COMMENTS = YES;
				CLANG_WARN_EMPTY_BODY = YES;
				CLANG_WARN_ENUM_CONVERSION = YES;
				CLANG_WARN_INFINITE_RECURSION = YES;
				CLANG_WARN_INT_CONVERSION = YES;
				CLANG_WARN_NON_LITERAL_NULL_CONVERSION = YES;
				CLANG_WARN_OBJC_IMPLICIT_RETAIN_SELF = YES;
				CLANG_WARN_OBJC_LITERAL_CONVERSION = YES;
				CLANG_WARN_OBJC_ROOT_CLASS = YES_ERROR;
				CLANG_WARN_QUOTED_INCLUDE_IN_FRAMEWORK_HEADER = YES;
				CLANG_WARN_RANGE_LOOP_ANALYSIS = YES;
				CLANG_WARN_STRICT_PROTOTYPES = YES;
				CLANG_WARN_SUSPICIOUS_MOVE = YES;
				CLANG_WARN_UNGUARDED_AVAILABILITY = YES_AGGRESSIVE;
				CLANG_WARN_UNREACHABLE_CODE = YES;
				CLANG_WARN__DUPLICATE_METHOD_MATCH = YES;
				COPY_PHASE_STRIP = NO;
				DEBUG_INFORMATION_FORMAT = "dwarf-with-dsym";
				ENABLE_NS_ASSERTIONS = NO;
				ENABLE_STRICT_OBJC_MSGSEND = YES;
				GCC_C_LANGUAGE_STANDARD = gnu11;
				GCC_NO_COMMON_BLOCKS = YES;
				GCC_WARN_64_TO_32_BIT_CONVERSION = YES;
				GCC_WARN_ABOUT_RETURN_TYPE = YES_ERROR;
				GCC_WARN_UNDECLARED_SELECTOR = YES;
				GCC_WARN_UNINITIALIZED_AUTOS = YES_AGGRESSIVE;
				GCC_WARN_UNUSED_FUNCTION = YES;
				GCC_WARN_UNUSED_VARIABLE = YES;
				INFOPLIST_KEY_UIUserInterfaceStyle = Light;
				IPHONEOS_DEPLOYMENT_TARGET = 15.2;
				MTL_ENABLE_DEBUG_INFO = NO;
				MTL_FAST_MATH = YES;
				SDKROOT = iphoneos;
				SWIFT_COMPILATION_MODE = wholemodule;
				SWIFT_OPTIMIZATION_LEVEL = "-O";
				VALIDATE_PRODUCT = YES;
			};
			name = Release;
		};
		5748353527D93A0A001CE3A8 /* Debug */ = {
			isa = XCBuildConfiguration;
			baseConfigurationReference = 1F143D5E79CEFC158C154CE2 /* Pods-Brumethon.debug.xcconfig */;
			buildSettings = {
				ASSETCATALOG_COMPILER_APPICON_NAME = AppIcon;
				ASSETCATALOG_COMPILER_GLOBAL_ACCENT_COLOR_NAME = AccentColor;
				CODE_SIGN_STYLE = Automatic;
				CURRENT_PROJECT_VERSION = 1;
				DEVELOPMENT_TEAM = 3977B444S2;
				GENERATE_INFOPLIST_FILE = YES;
				INFOPLIST_FILE = Brumethon/Info.plist;
				INFOPLIST_KEY_NSLocationWhenInUseUsageDescription = "Do you accept to give your location ?";
				INFOPLIST_KEY_UIApplicationSupportsIndirectInputEvents = YES;
				INFOPLIST_KEY_UILaunchStoryboardName = LaunchScreen;
				INFOPLIST_KEY_UIMainStoryboardFile = LaunchScreen;
				INFOPLIST_KEY_UISupportedInterfaceOrientations_iPad = "UIInterfaceOrientationPortrait UIInterfaceOrientationPortraitUpsideDown UIInterfaceOrientationLandscapeLeft UIInterfaceOrientationLandscapeRight";
				INFOPLIST_KEY_UISupportedInterfaceOrientations_iPhone = "UIInterfaceOrientationPortrait UIInterfaceOrientationLandscapeLeft UIInterfaceOrientationLandscapeRight";
				IPHONEOS_DEPLOYMENT_TARGET = 13.0;
				LD_RUNPATH_SEARCH_PATHS = (
					"$(inherited)",
					"@executable_path/Frameworks",
				);
				MARKETING_VERSION = 1.0;
				PRODUCT_BUNDLE_IDENTIFIER = com.gwendalvallee.Brumethon;
				PRODUCT_NAME = "$(TARGET_NAME)";
				RUN_DOCUMENTATION_COMPILER = YES;
				SWIFT_EMIT_LOC_STRINGS = YES;
				SWIFT_VERSION = 5.0;
				TARGETED_DEVICE_FAMILY = "1,2";
			};
			name = Debug;
		};
		5748353627D93A0A001CE3A8 /* Release */ = {
			isa = XCBuildConfiguration;
			baseConfigurationReference = 9784A74A393C12F41D862B1D /* Pods-Brumethon.release.xcconfig */;
			buildSettings = {
				ASSETCATALOG_COMPILER_APPICON_NAME = AppIcon;
				ASSETCATALOG_COMPILER_GLOBAL_ACCENT_COLOR_NAME = AccentColor;
				CODE_SIGN_STYLE = Automatic;
				CURRENT_PROJECT_VERSION = 1;
				DEVELOPMENT_TEAM = 3977B444S2;
				GENERATE_INFOPLIST_FILE = YES;
				INFOPLIST_FILE = Brumethon/Info.plist;
				INFOPLIST_KEY_NSLocationWhenInUseUsageDescription = "Do you accept to give your location ?";
				INFOPLIST_KEY_UIApplicationSupportsIndirectInputEvents = YES;
				INFOPLIST_KEY_UILaunchStoryboardName = LaunchScreen;
				INFOPLIST_KEY_UIMainStoryboardFile = LaunchScreen;
				INFOPLIST_KEY_UISupportedInterfaceOrientations_iPad = "UIInterfaceOrientationPortrait UIInterfaceOrientationPortraitUpsideDown UIInterfaceOrientationLandscapeLeft UIInterfaceOrientationLandscapeRight";
				INFOPLIST_KEY_UISupportedInterfaceOrientations_iPhone = "UIInterfaceOrientationPortrait UIInterfaceOrientationLandscapeLeft UIInterfaceOrientationLandscapeRight";
				IPHONEOS_DEPLOYMENT_TARGET = 13.0;
				LD_RUNPATH_SEARCH_PATHS = (
					"$(inherited)",
					"@executable_path/Frameworks",
				);
				MARKETING_VERSION = 1.0;
				PRODUCT_BUNDLE_IDENTIFIER = com.gwendalvallee.Brumethon;
				PRODUCT_NAME = "$(TARGET_NAME)";
				RUN_DOCUMENTATION_COMPILER = YES;
				SWIFT_EMIT_LOC_STRINGS = YES;
				SWIFT_VERSION = 5.0;
				TARGETED_DEVICE_FAMILY = "1,2";
			};
			name = Release;
		};
		5748353827D93A0A001CE3A8 /* Debug */ = {
			isa = XCBuildConfiguration;
			baseConfigurationReference = DCA04383FD441A07A80D7BF3 /* Pods-BrumethonTests.debug.xcconfig */;
			buildSettings = {
				ALWAYS_EMBED_SWIFT_STANDARD_LIBRARIES = YES;
				BUNDLE_LOADER = "$(TEST_HOST)";
				CODE_SIGN_STYLE = Automatic;
				CURRENT_PROJECT_VERSION = 1;
				DEVELOPMENT_TEAM = FQGP74M3NR;
				GENERATE_INFOPLIST_FILE = YES;
				IPHONEOS_DEPLOYMENT_TARGET = 15.2;
				MARKETING_VERSION = 1.0;
				PRODUCT_BUNDLE_IDENTIFIER = com.nixoninho.BrumethonTests;
				PRODUCT_NAME = "$(TARGET_NAME)";
				SWIFT_EMIT_LOC_STRINGS = NO;
				SWIFT_VERSION = 5.0;
				TARGETED_DEVICE_FAMILY = "1,2";
				TEST_HOST = "$(BUILT_PRODUCTS_DIR)/Brumethon.app/Brumethon";
			};
			name = Debug;
		};
		5748353927D93A0A001CE3A8 /* Release */ = {
			isa = XCBuildConfiguration;
			baseConfigurationReference = 6C38A8810FD0AF98140FBF86 /* Pods-BrumethonTests.release.xcconfig */;
			buildSettings = {
				ALWAYS_EMBED_SWIFT_STANDARD_LIBRARIES = YES;
				BUNDLE_LOADER = "$(TEST_HOST)";
				CODE_SIGN_STYLE = Automatic;
				CURRENT_PROJECT_VERSION = 1;
				DEVELOPMENT_TEAM = FQGP74M3NR;
				GENERATE_INFOPLIST_FILE = YES;
				IPHONEOS_DEPLOYMENT_TARGET = 15.2;
				MARKETING_VERSION = 1.0;
				PRODUCT_BUNDLE_IDENTIFIER = com.nixoninho.BrumethonTests;
				PRODUCT_NAME = "$(TARGET_NAME)";
				SWIFT_EMIT_LOC_STRINGS = NO;
				SWIFT_VERSION = 5.0;
				TARGETED_DEVICE_FAMILY = "1,2";
				TEST_HOST = "$(BUILT_PRODUCTS_DIR)/Brumethon.app/Brumethon";
			};
			name = Release;
		};
		5748353B27D93A0A001CE3A8 /* Debug */ = {
			isa = XCBuildConfiguration;
			baseConfigurationReference = 5CD23BDCCED1BBB49AC8F837 /* Pods-Brumethon-BrumethonUITests.debug.xcconfig */;
			buildSettings = {
				ALWAYS_EMBED_SWIFT_STANDARD_LIBRARIES = YES;
				CODE_SIGN_STYLE = Automatic;
				CURRENT_PROJECT_VERSION = 1;
				DEVELOPMENT_TEAM = FQGP74M3NR;
				GENERATE_INFOPLIST_FILE = YES;
				MARKETING_VERSION = 1.0;
				PRODUCT_BUNDLE_IDENTIFIER = com.nixoninho.BrumethonUITests;
				PRODUCT_NAME = "$(TARGET_NAME)";
				SWIFT_EMIT_LOC_STRINGS = NO;
				SWIFT_VERSION = 5.0;
				TARGETED_DEVICE_FAMILY = "1,2";
				TEST_TARGET_NAME = Brumethon;
			};
			name = Debug;
		};
		5748353C27D93A0A001CE3A8 /* Release */ = {
			isa = XCBuildConfiguration;
			baseConfigurationReference = 79CEC5074EBC64FF847F9F97 /* Pods-Brumethon-BrumethonUITests.release.xcconfig */;
			buildSettings = {
				ALWAYS_EMBED_SWIFT_STANDARD_LIBRARIES = YES;
				CODE_SIGN_STYLE = Automatic;
				CURRENT_PROJECT_VERSION = 1;
				DEVELOPMENT_TEAM = FQGP74M3NR;
				GENERATE_INFOPLIST_FILE = YES;
				MARKETING_VERSION = 1.0;
				PRODUCT_BUNDLE_IDENTIFIER = com.nixoninho.BrumethonUITests;
				PRODUCT_NAME = "$(TARGET_NAME)";
				SWIFT_EMIT_LOC_STRINGS = NO;
				SWIFT_VERSION = 5.0;
				TARGETED_DEVICE_FAMILY = "1,2";
				TEST_TARGET_NAME = Brumethon;
			};
			name = Release;
		};
/* End XCBuildConfiguration section */

/* Begin XCConfigurationList section */
		5748350527D93A08001CE3A8 /* Build configuration list for PBXProject "Brumethon" */ = {
			isa = XCConfigurationList;
			buildConfigurations = (
				5748353227D93A0A001CE3A8 /* Debug */,
				5748353327D93A0A001CE3A8 /* Release */,
			);
			defaultConfigurationIsVisible = 0;
			defaultConfigurationName = Release;
		};
		5748353427D93A0A001CE3A8 /* Build configuration list for PBXNativeTarget "Brumethon" */ = {
			isa = XCConfigurationList;
			buildConfigurations = (
				5748353527D93A0A001CE3A8 /* Debug */,
				5748353627D93A0A001CE3A8 /* Release */,
			);
			defaultConfigurationIsVisible = 0;
			defaultConfigurationName = Release;
		};
		5748353727D93A0A001CE3A8 /* Build configuration list for PBXNativeTarget "BrumethonTests" */ = {
			isa = XCConfigurationList;
			buildConfigurations = (
				5748353827D93A0A001CE3A8 /* Debug */,
				5748353927D93A0A001CE3A8 /* Release */,
			);
			defaultConfigurationIsVisible = 0;
			defaultConfigurationName = Release;
		};
		5748353A27D93A0A001CE3A8 /* Build configuration list for PBXNativeTarget "BrumethonUITests" */ = {
			isa = XCConfigurationList;
			buildConfigurations = (
				5748353B27D93A0A001CE3A8 /* Debug */,
				5748353C27D93A0A001CE3A8 /* Release */,
			);
			defaultConfigurationIsVisible = 0;
			defaultConfigurationName = Release;
		};
/* End XCConfigurationList section */
	};
	rootObject = 5748350227D93A08001CE3A8 /* Project object */;
}
